
Microsoft Visual Studio Solution File, Format Version 12.00
# Visual Studio Version 17
VisualStudioVersion = 17.6.33815.320
MinimumVisualStudioVersion = 10.0.40219.1
Project("{FAE04EC0-301F-11D3-BF4B-00C04F79EFBC}") = "MIniProject1.2", "MIniProject1.2\MIniProject1.2.csproj", "{DA442873-7B04-43F5-BCFB-0A00AE451ED6}"
EndProject
Global
	GlobalSection(SolutionConfigurationPlatforms) = preSolution
		Debug|Any CPU = Debug|Any CPU
		Release|Any CPU = Release|Any CPU
	EndGlobalSection
	GlobalSection(ProjectConfigurationPlatforms) = postSolution
		{DA442873-7B04-43F5-BCFB-0A00AE451ED6}.Debug|Any CPU.ActiveCfg = Debug|Any CPU
		{DA442873-7B04-43F5-BCFB-0A00AE451ED6}.Debug|Any CPU.Build.0 = Debug|Any CPU
		{DA442873-7B04-43F5-BCFB-0A00AE451ED6}.Release|Any CPU.ActiveCfg = Release|Any CPU
		{DA442873-7B04-43F5-BCFB-0A00AE451ED6}.Release|Any CPU.Build.0 = Release|Any CPU
	EndGlobalSection
	GlobalSection(SolutionProperties) = preSolution
		HideSolutionNode = FALSE
	EndGlobalSection
	GlobalSection(ExtensibilityGlobals) = postSolution
		SolutionGuid = {215F1524-E316-4A21-BA43-B0607274484D}
	EndGlobalSection
EndGlobal
